
Microsoft Visual Studio Solution File, Format Version 12.00
# Visual Studio 15
VisualStudioVersion = 15.0.27130.2036
MinimumVisualStudioVersion = 10.0.40219.1
Project("{FAE04EC0-301F-11D3-BF4B-00C04F79EFBC}") = "ShopifyMonitor", "ShopifyMonitor\ShopifyMonitor.csproj", "{328AE9DE-6443-4990-B45C-E9FF7906F9E2}"
EndProject
Global
	GlobalSection(SolutionConfigurationPlatforms) = preSolution
		Debug|Any CPU = Debug|Any CPU
		Release|Any CPU = Release|Any CPU
	EndGlobalSection
	GlobalSection(ProjectConfigurationPlatforms) = postSolution
		{328AE9DE-6443-4990-B45C-E9FF7906F9E2}.Debug|Any CPU.ActiveCfg = Debug|Any CPU
		{328AE9DE-6443-4990-B45C-E9FF7906F9E2}.Debug|Any CPU.Build.0 = Debug|Any CPU
		{328AE9DE-6443-4990-B45C-E9FF7906F9E2}.Release|Any CPU.ActiveCfg = Release|Any CPU
		{328AE9DE-6443-4990-B45C-E9FF7906F9E2}.Release|Any CPU.Build.0 = Release|Any CPU
	EndGlobalSection
	GlobalSection(SolutionProperties) = preSolution
		HideSolutionNode = FALSE
	EndGlobalSection
	GlobalSection(ExtensibilityGlobals) = postSolution
		SolutionGuid = {F489F5B6-7A98-4D85-A407-6A39B1D6FFCF}
	EndGlobalSection
EndGlobal
